
Microsoft Visual Studio Solution File, Format Version 12.00
# Visual Studio Version 17
VisualStudioVersion = 17.0.31903.59
MinimumVisualStudioVersion = 10.0.40219.1
Project("{2150E333-8FDC-42A3-9474-1A3956D46DE8}") = "Solution Items", "Solution Items", "{98EDA6A5-3902-4FC5-B605-3ADEEB786E44}"
	ProjectSection(SolutionItems) = preProject
		Prac Test - Back End Dev.pdf = Prac Test - Back End Dev.pdf
		README.md = README.md
	EndProjectSection
EndProject
Project("{9A19103F-16F7-4668-BE54-9A1E7A4F7556}") = "MM.EagleRock.Contract", "MM.EagleRock.Contract\MM.EagleRock.Contract.csproj", "{B73C0D65-2EFC-4CF9-9AF1-E292CE1FED1B}"
EndProject
Project("{9A19103F-16F7-4668-BE54-9A1E7A4F7556}") = "MM.EagleRock.Api", "MM.EagleRock.Api\MM.EagleRock.Api.csproj", "{23B80B18-C85B-4122-9CD9-69E8D3A0D533}"
EndProject
Project("{9A19103F-16F7-4668-BE54-9A1E7A4F7556}") = "MM.EagleRock.Unit.Tests", "MM.EagleRock.Unit.Tests\MM.EagleRock.Unit.Tests.csproj", "{D5E5E54A-0128-487C-BDC7-C8B6FECE0BC3}"
EndProject
Project("{9A19103F-16F7-4668-BE54-9A1E7A4F7556}") = "MM.EagleRock.Business", "MM.EagleRock.Business\MM.EagleRock.Business.csproj", "{53075E46-02B1-40CF-B7A7-0CF6E73DAD6B}"
EndProject
Project("{9A19103F-16F7-4668-BE54-9A1E7A4F7556}") = "MM.EagleRock.DAL", "MM.EagleRock.DAL\MM.EagleRock.DAL.csproj", "{D6943D50-CDA1-48F1-964C-1F98132AED47}"
EndProject
Global
	GlobalSection(SolutionConfigurationPlatforms) = preSolution
		Debug|Any CPU = Debug|Any CPU
		Debug|x64 = Debug|x64
		Debug|x86 = Debug|x86
		Release|Any CPU = Release|Any CPU
		Release|x64 = Release|x64
		Release|x86 = Release|x86
	EndGlobalSection
	GlobalSection(ProjectConfigurationPlatforms) = postSolution
		{B73C0D65-2EFC-4CF9-9AF1-E292CE1FED1B}.Debug|Any CPU.ActiveCfg = Debug|Any CPU
		{B73C0D65-2EFC-4CF9-9AF1-E292CE1FED1B}.Debug|Any CPU.Build.0 = Debug|Any CPU
		{B73C0D65-2EFC-4CF9-9AF1-E292CE1FED1B}.Debug|x64.ActiveCfg = Debug|Any CPU
		{B73C0D65-2EFC-4CF9-9AF1-E292CE1FED1B}.Debug|x64.Build.0 = Debug|Any CPU
		{B73C0D65-2EFC-4CF9-9AF1-E292CE1FED1B}.Debug|x86.ActiveCfg = Debug|Any CPU
		{B73C0D65-2EFC-4CF9-9AF1-E292CE1FED1B}.Debug|x86.Build.0 = Debug|Any CPU
		{B73C0D65-2EFC-4CF9-9AF1-E292CE1FED1B}.Release|Any CPU.ActiveCfg = Release|Any CPU
		{B73C0D65-2EFC-4CF9-9AF1-E292CE1FED1B}.Release|Any CPU.Build.0 = Release|Any CPU
		{B73C0D65-2EFC-4CF9-9AF1-E292CE1FED1B}.Release|x64.ActiveCfg = Release|Any CPU
		{B73C0D65-2EFC-4CF9-9AF1-E292CE1FED1B}.Release|x64.Build.0 = Release|Any CPU
		{B73C0D65-2EFC-4CF9-9AF1-E292CE1FED1B}.Release|x86.ActiveCfg = Release|Any CPU
		{B73C0D65-2EFC-4CF9-9AF1-E292CE1FED1B}.Release|x86.Build.0 = Release|Any CPU
		{23B80B18-C85B-4122-9CD9-69E8D3A0D533}.Debug|Any CPU.ActiveCfg = Debug|Any CPU
		{23B80B18-C85B-4122-9CD9-69E8D3A0D533}.Debug|Any CPU.Build.0 = Debug|Any CPU
		{23B80B18-C85B-4122-9CD9-69E8D3A0D533}.Debug|x64.ActiveCfg = Debug|Any CPU
		{23B80B18-C85B-4122-9CD9-69E8D3A0D533}.Debug|x64.Build.0 = Debug|Any CPU
		{23B80B18-C85B-4122-9CD9-69E8D3A0D533}.Debug|x86.ActiveCfg = Debug|Any CPU
		{23B80B18-C85B-4122-9CD9-69E8D3A0D533}.Debug|x86.Build.0 = Debug|Any CPU
		{23B80B18-C85B-4122-9CD9-69E8D3A0D533}.Release|Any CPU.ActiveCfg = Release|Any CPU
		{23B80B18-C85B-4122-9CD9-69E8D3A0D533}.Release|Any CPU.Build.0 = Release|Any CPU
		{23B80B18-C85B-4122-9CD9-69E8D3A0D533}.Release|x64.ActiveCfg = Release|Any CPU
		{23B80B18-C85B-4122-9CD9-69E8D3A0D533}.Release|x64.Build.0 = Release|Any CPU
		{23B80B18-C85B-4122-9CD9-69E8D3A0D533}.Release|x86.ActiveCfg = Release|Any CPU
		{23B80B18-C85B-4122-9CD9-69E8D3A0D533}.Release|x86.Build.0 = Release|Any CPU
		{D5E5E54A-0128-487C-BDC7-C8B6FECE0BC3}.Debug|Any CPU.ActiveCfg = Debug|Any CPU
		{D5E5E54A-0128-487C-BDC7-C8B6FECE0BC3}.Debug|Any CPU.Build.0 = Debug|Any CPU
		{D5E5E54A-0128-487C-BDC7-C8B6FECE0BC3}.Debug|x64.ActiveCfg = Debug|Any CPU
		{D5E5E54A-0128-487C-BDC7-C8B6FECE0BC3}.Debug|x64.Build.0 = Debug|Any CPU
		{D5E5E54A-0128-487C-BDC7-C8B6FECE0BC3}.Debug|x86.ActiveCfg = Debug|Any CPU
		{D5E5E54A-0128-487C-BDC7-C8B6FECE0BC3}.Debug|x86.Build.0 = Debug|Any CPU
		{D5E5E54A-0128-487C-BDC7-C8B6FECE0BC3}.Release|Any CPU.ActiveCfg = Release|Any CPU
		{D5E5E54A-0128-487C-BDC7-C8B6FECE0BC3}.Release|Any CPU.Build.0 = Release|Any CPU
		{D5E5E54A-0128-487C-BDC7-C8B6FECE0BC3}.Release|x64.ActiveCfg = Release|Any CPU
		{D5E5E54A-0128-487C-BDC7-C8B6FECE0BC3}.Release|x64.Build.0 = Release|Any CPU
		{D5E5E54A-0128-487C-BDC7-C8B6FECE0BC3}.Release|x86.ActiveCfg = Release|Any CPU
		{D5E5E54A-0128-487C-BDC7-C8B6FECE0BC3}.Release|x86.Build.0 = Release|Any CPU
		{53075E46-02B1-40CF-B7A7-0CF6E73DAD6B}.Debug|Any CPU.ActiveCfg = Debug|Any CPU
		{53075E46-02B1-40CF-B7A7-0CF6E73DAD6B}.Debug|Any CPU.Build.0 = Debug|Any CPU
		{53075E46-02B1-40CF-B7A7-0CF6E73DAD6B}.Debug|x64.ActiveCfg = Debug|Any CPU
		{53075E46-02B1-40CF-B7A7-0CF6E73DAD6B}.Debug|x64.Build.0 = Debug|Any CPU
		{53075E46-02B1-40CF-B7A7-0CF6E73DAD6B}.Debug|x86.ActiveCfg = Debug|Any CPU
		{53075E46-02B1-40CF-B7A7-0CF6E73DAD6B}.Debug|x86.Build.0 = Debug|Any CPU
		{53075E46-02B1-40CF-B7A7-0CF6E73DAD6B}.Release|Any CPU.ActiveCfg = Release|Any CPU
		{53075E46-02B1-40CF-B7A7-0CF6E73DAD6B}.Release|Any CPU.Build.0 = Release|Any CPU
		{53075E46-02B1-40CF-B7A7-0CF6E73DAD6B}.Release|x64.ActiveCfg = Release|Any CPU
		{53075E46-02B1-40CF-B7A7-0CF6E73DAD6B}.Release|x64.Build.0 = Release|Any CPU
		{53075E46-02B1-40CF-B7A7-0CF6E73DAD6B}.Release|x86.ActiveCfg = Release|Any CPU
		{53075E46-02B1-40CF-B7A7-0CF6E73DAD6B}.Release|x86.Build.0 = Release|Any CPU
		{D6943D50-CDA1-48F1-964C-1F98132AED47}.Debug|Any CPU.ActiveCfg = Debug|Any CPU
		{D6943D50-CDA1-48F1-964C-1F98132AED47}.Debug|Any CPU.Build.0 = Debug|Any CPU
		{D6943D50-CDA1-48F1-964C-1F98132AED47}.Debug|x64.ActiveCfg = Debug|Any CPU
		{D6943D50-CDA1-48F1-964C-1F98132AED47}.Debug|x64.Build.0 = Debug|Any CPU
		{D6943D50-CDA1-48F1-964C-1F98132AED47}.Debug|x86.ActiveCfg = Debug|Any CPU
		{D6943D50-CDA1-48F1-964C-1F98132AED47}.Debug|x86.Build.0 = Debug|Any CPU
		{D6943D50-CDA1-48F1-964C-1F98132AED47}.Release|Any CPU.ActiveCfg = Release|Any CPU
		{D6943D50-CDA1-48F1-964C-1F98132AED47}.Release|Any CPU.Build.0 = Release|Any CPU
		{D6943D50-CDA1-48F1-964C-1F98132AED47}.Release|x64.ActiveCfg = Release|Any CPU
		{D6943D50-CDA1-48F1-964C-1F98132AED47}.Release|x64.Build.0 = Release|Any CPU
		{D6943D50-CDA1-48F1-964C-1F98132AED47}.Release|x86.ActiveCfg = Release|Any CPU
		{D6943D50-CDA1-48F1-964C-1F98132AED47}.Release|x86.Build.0 = Release|Any CPU
	EndGlobalSection
	GlobalSection(SolutionProperties) = preSolution
		HideSolutionNode = FALSE
	EndGlobalSection
	GlobalSection(ExtensibilityGlobals) = postSolution
		SolutionGuid = {220FDFA4-FF76-439B-9551-E99BF298374A}
	EndGlobalSection
EndGlobal
